
Microsoft Visual Studio Solution File, Format Version 12.00
# Visual Studio Version 16
VisualStudioVersion = 16.0.29613.14
MinimumVisualStudioVersion = 10.0.40219.1
Project("{9A19103F-16F7-4668-BE54-9A1E7A4F7556}") = "i2i.redisaccessor.function", "i2i.redisaccessor.function\i2i.redisaccessor.function.csproj", "{5D222B3D-CB50-453A-A8C4-0E9B990A8B4B}"
EndProject
Project("{9A19103F-16F7-4668-BE54-9A1E7A4F7556}") = "i2i.redisaccessor.core", "i2i.redisaccessor..core\i2i.redisaccessor.core.csproj", "{8D552B3D-34AD-44F5-A8BF-6718E0F0CA29}"
EndProject
Global
	GlobalSection(SolutionConfigurationPlatforms) = preSolution
		Debug|Any CPU = Debug|Any CPU
		Release|Any CPU = Release|Any CPU
	EndGlobalSection
	GlobalSection(ProjectConfigurationPlatforms) = postSolution
		{5D222B3D-CB50-453A-A8C4-0E9B990A8B4B}.Debug|Any CPU.ActiveCfg = Debug|Any CPU
		{5D222B3D-CB50-453A-A8C4-0E9B990A8B4B}.Debug|Any CPU.Build.0 = Debug|Any CPU
		{5D222B3D-CB50-453A-A8C4-0E9B990A8B4B}.Release|Any CPU.ActiveCfg = Release|Any CPU
		{5D222B3D-CB50-453A-A8C4-0E9B990A8B4B}.Release|Any CPU.Build.0 = Release|Any CPU
		{8D552B3D-34AD-44F5-A8BF-6718E0F0CA29}.Debug|Any CPU.ActiveCfg = Debug|Any CPU
		{8D552B3D-34AD-44F5-A8BF-6718E0F0CA29}.Debug|Any CPU.Build.0 = Debug|Any CPU
		{8D552B3D-34AD-44F5-A8BF-6718E0F0CA29}.Release|Any CPU.ActiveCfg = Release|Any CPU
		{8D552B3D-34AD-44F5-A8BF-6718E0F0CA29}.Release|Any CPU.Build.0 = Release|Any CPU
	EndGlobalSection
	GlobalSection(SolutionProperties) = preSolution
		HideSolutionNode = FALSE
	EndGlobalSection
	GlobalSection(ExtensibilityGlobals) = postSolution
		SolutionGuid = {3B40AAB5-B3B4-4FDB-8450-7DD0BBB66953}
	EndGlobalSection
EndGlobal
